// !$*UTF8*$!
{
	archiveVersion = 1;
	classes = {
	};
	objectVersion = 52;
	objects = {

/* Begin PBXBuildFile section */
		DAA9713826D67FA5006DA575 /* AppDelegate.swift in Sources */ = {isa = PBXBuildFile; fileRef = DAA9713726D67FA5006DA575 /* AppDelegate.swift */; };
		DAA9713A26D67FA5006DA575 /* SceneDelegate.swift in Sources */ = {isa = PBXBuildFile; fileRef = DAA9713926D67FA5006DA575 /* SceneDelegate.swift */; };
		DAA9713C26D67FA5006DA575 /* ViewController.swift in Sources */ = {isa = PBXBuildFile; fileRef = DAA9713B26D67FA5006DA575 /* ViewController.swift */; };
		DAA9713F26D67FA5006DA575 /* Main.storyboard in Resources */ = {isa = PBXBuildFile; fileRef = DAA9713D26D67FA5006DA575 /* Main.storyboard */; };
		DAA9714126D67FA6006DA575 /* Assets.xcassets in Resources */ = {isa = PBXBuildFile; fileRef = DAA9714026D67FA6006DA575 /* Assets.xcassets */; };
		DAA9714426D67FA6006DA575 /* LaunchScreen.storyboard in Resources */ = {isa = PBXBuildFile; fileRef = DAA9714226D67FA6006DA575 /* LaunchScreen.storyboard */; };
		DAA9715426D688AA006DA575 /* Apollo in Frameworks */ = {isa = PBXBuildFile; productRef = DAA9715326D688AA006DA575 /* Apollo */; };
		DAA9715926D68AF9006DA575 /* schema.json in Resources */ = {isa = PBXBuildFile; fileRef = DAA9715726D68AF9006DA575 /* schema.json */; };
		DAA9715A26D68AF9006DA575 /* articles.graphql in Resources */ = {isa = PBXBuildFile; fileRef = DAA9715826D68AF9006DA575 /* articles.graphql */; };
		DAA9715C26D68BA1006DA575 /* API.swift in Sources */ = {isa = PBXBuildFile; fileRef = DAA9715B26D68BA1006DA575 /* API.swift */; };
/* End PBXBuildFile section */

/* Begin PBXFileReference section */
		DAA9713426D67FA5006DA575 /* gqios.app */ = {isa = PBXFileReference; explicitFileType = wrapper.application; includeInIndex = 0; path = gqios.app; sourceTree = BUILT_PRODUCTS_DIR; };
		DAA9713726D67FA5006DA575 /* AppDelegate.swift */ = {isa = PBXFileReference; lastKnownFileType = sourcecode.swift; path = AppDelegate.swift; sourceTree = "<group>"; };
		DAA9713926D67FA5006DA575 /* SceneDelegate.swift */ = {isa = PBXFileReference; lastKnownFileType = sourcecode.swift; path = SceneDelegate.swift; sourceTree = "<group>"; };
		DAA9713B26D67FA5006DA575 /* ViewController.swift */ = {isa = PBXFileReference; lastKnownFileType = sourcecode.swift; path = ViewController.swift; sourceTree = "<group>"; };
		DAA9713E26D67FA5006DA575 /* Base */ = {isa = PBXFileReference; lastKnownFileType = file.storyboard; name = Base; path = Base.lproj/Main.storyboard; sourceTree = "<group>"; };
		DAA9714026D67FA6006DA575 /* Assets.xcassets */ = {isa = PBXFileReference; lastKnownFileType = folder.assetcatalog; path = Assets.xcassets; sourceTree = "<group>"; };
		DAA9714326D67FA6006DA575 /* Base */ = {isa = PBXFileReference; lastKnownFileType = file.storyboard; name = Base; path = Base.lproj/LaunchScreen.storyboard; sourceTree = "<group>"; };
		DAA9714526D67FA6006DA575 /* Info.plist */ = {isa = PBXFileReference; lastKnownFileType = text.plist.xml; path = Info.plist; sourceTree = "<group>"; };
		DAA9715726D68AF9006DA575 /* schema.json */ = {isa = PBXFileReference; fileEncoding = 4; lastKnownFileType = text.json; path = schema.json; sourceTree = "<group>"; };
		DAA9715826D68AF9006DA575 /* articles.graphql */ = {isa = PBXFileReference; fileEncoding = 4; lastKnownFileType = text; path = articles.graphql; sourceTree = "<group>"; };
		DAA9715B26D68BA1006DA575 /* API.swift */ = {isa = PBXFileReference; fileEncoding = 4; lastKnownFileType = sourcecode.swift; path = API.swift; sourceTree = "<group>"; };
/* End PBXFileReference section */

/* Begin PBXFrameworksBuildPhase section */
		DAA9713126D67FA5006DA575 /* Frameworks */ = {
			isa = PBXFrameworksBuildPhase;
			buildActionMask = 2147483647;
			files = (
				DAA9715426D688AA006DA575 /* Apollo in Frameworks */,
			);
			runOnlyForDeploymentPostprocessing = 0;
		};
/* End PBXFrameworksBuildPhase section */

/* Begin PBXGroup section */
		DAA9712B26D67FA5006DA575 = {
			isa = PBXGroup;
			children = (
				DAA9713626D67FA5006DA575 /* gqios */,
				DAA9713526D67FA5006DA575 /* Products */,
				DAA9715226D688AA006DA575 /* Frameworks */,
			);
			sourceTree = "<group>";
		};
		DAA9713526D67FA5006DA575 /* Products */ = {
			isa = PBXGroup;
			children = (
				DAA9713426D67FA5006DA575 /* gqios.app */,
			);
			name = Products;
			sourceTree = "<group>";
		};
		DAA9713626D67FA5006DA575 /* gqios */ = {
			isa = PBXGroup;
			children = (
				DAA9713726D67FA5006DA575 /* AppDelegate.swift */,
				DAA9715B26D68BA1006DA575 /* API.swift */,
				DAA9713926D67FA5006DA575 /* SceneDelegate.swift */,
				DAA9715826D68AF9006DA575 /* articles.graphql */,
				DAA9715726D68AF9006DA575 /* schema.json */,
				DAA9713B26D67FA5006DA575 /* ViewController.swift */,
				DAA9713D26D67FA5006DA575 /* Main.storyboard */,
				DAA9714026D67FA6006DA575 /* Assets.xcassets */,
				DAA9714226D67FA6006DA575 /* LaunchScreen.storyboard */,
				DAA9714526D67FA6006DA575 /* Info.plist */,
			);
			path = gqios;
			sourceTree = "<group>";
		};
		DAA9715226D688AA006DA575 /* Frameworks */ = {
			isa = PBXGroup;
			children = (
			);
			name = Frameworks;
			sourceTree = "<group>";
		};
/* End PBXGroup section */

/* Begin PBXNativeTarget section */
		DAA9713326D67FA5006DA575 /* gqios */ = {
			isa = PBXNativeTarget;
			buildConfigurationList = DAA9714826D67FA6006DA575 /* Build configuration list for PBXNativeTarget "gqios" */;
			buildPhases = (
				DAA9715626D68AD1006DA575 /* ShellScript */,
				DAA9713026D67FA5006DA575 /* Sources */,
				DAA9713126D67FA5006DA575 /* Frameworks */,
				DAA9713226D67FA5006DA575 /* Resources */,
			);
			buildRules = (
			);
			dependencies = (
			);
			name = gqios;
			packageProductDependencies = (
				DAA9715326D688AA006DA575 /* Apollo */,
			);
			productName = gqios;
			productReference = DAA9713426D67FA5006DA575 /* gqios.app */;
			productType = "com.apple.product-type.application";
		};
/* End PBXNativeTarget section */

/* Begin PBXProject section */
		DAA9712C26D67FA5006DA575 /* Project object */ = {
			isa = PBXProject;
			attributes = {
				LastSwiftUpdateCheck = 1250;
				LastUpgradeCheck = 1250;
				TargetAttributes = {
					DAA9713326D67FA5006DA575 = {
						CreatedOnToolsVersion = 12.5;
					};
				};
			};
			buildConfigurationList = DAA9712F26D67FA5006DA575 /* Build configuration list for PBXProject "gqios" */;
			compatibilityVersion = "Xcode 9.3";
			developmentRegion = en;
			hasScannedForEncodings = 0;
			knownRegions = (
				en,
				Base,
			);
			mainGroup = DAA9712B26D67FA5006DA575;
			packageReferences = (
				DAA9714B26D6800F006DA575 /* XCRemoteSwiftPackageReference "apollo-ios" */,
			);
			productRefGroup = DAA9713526D67FA5006DA575 /* Products */;
			projectDirPath = "";
			projectRoot = "";
			targets = (
				DAA9713326D67FA5006DA575 /* gqios */,
			);
		};
/* End PBXProject section */

/* Begin PBXResourcesBuildPhase section */
		DAA9713226D67FA5006DA575 /* Resources */ = {
			isa = PBXResourcesBuildPhase;
			buildActionMask = 2147483647;
			files = (
				DAA9715926D68AF9006DA575 /* schema.json in Resources */,
				DAA9714426D67FA6006DA575 /* LaunchScreen.storyboard in Resources */,
				DAA9714126D67FA6006DA575 /* Assets.xcassets in Resources */,
				DAA9713F26D67FA5006DA575 /* Main.storyboard in Resources */,
				DAA9715A26D68AF9006DA575 /* articles.graphql in Resources */,
			);
			runOnlyForDeploymentPostprocessing = 0;
		};
/* End PBXResourcesBuildPhase section */

/* Begin PBXShellScriptBuildPhase section */
		DAA9715626D68AD1006DA575 /* ShellScript */ = {
			isa = PBXShellScriptBuildPhase;
			buildActionMask = 2147483647;
			files = (
			);
			inputFileListPaths = (
			);
			inputPaths = (
			);
			outputFileListPaths = (
			);
			outputPaths = (
			);
			runOnlyForDeploymentPostprocessing = 0;
			shellPath = /bin/sh;
			shellScript = "# Go to the build root and search up the chain to find the Derived Data Path where the source packages are checked out.\nDERIVED_DATA_CANDIDATE=\"${BUILD_ROOT}\"\n\nwhile ! [ -d \"${DERIVED_DATA_CANDIDATE}/SourcePackages\" ]; do\n  if [ \"${DERIVED_DATA_CANDIDATE}\" = / ]; then\n    echo >&2 \"error: Unable to locate SourcePackages directory from BUILD_ROOT: '${BUILD_ROOT}'\"\n    exit 1\n  fi\n\n  DERIVED_DATA_CANDIDATE=\"$(dirname \"${DERIVED_DATA_CANDIDATE}\")\"\ndone\n\n# Grab a reference to the directory where scripts are checked out\nSCRIPT_PATH=\"${DERIVED_DATA_CANDIDATE}/SourcePackages/checkouts/apollo-ios/scripts\"\n\nif [ -z \"${SCRIPT_PATH}\" ]; then\n    echo >&2 \"error: Couldn't find the CLI script in your checked out SPM packages; make sure to add the framework to your project.\"\n    exit 1\nfi\n\ncd \"${SRCROOT}/${TARGET_NAME}\"\n\"${SCRIPT_PATH}\"/run-bundled-codegen.sh codegen:generate --target=swift --includes=./**/*.graphql --localSchemaFile=\"schema.json\" API.swift\n";
		};
/* End PBXShellScriptBuildPhase section */

/* Begin PBXSourcesBuildPhase section */
		DAA9713026D67FA5006DA575 /* Sources */ = {
			isa = PBXSourcesBuildPhase;
			buildActionMask = 2147483647;
			files = (
				DAA9713C26D67FA5006DA575 /* ViewController.swift in Sources */,
				DAA9713826D67FA5006DA575 /* AppDelegate.swift in Sources */,
				DAA9715C26D68BA1006DA575 /* API.swift in Sources */,
				DAA9713A26D67FA5006DA575 /* SceneDelegate.swift in Sources */,
			);
			runOnlyForDeploymentPostprocessing = 0;
		};
/* End PBXSourcesBuildPhase section */

/* Begin PBXVariantGroup section */
		DAA9713D26D67FA5006DA575 /* Main.storyboard */ = {
			isa = PBXVariantGroup;
			children = (
				DAA9713E26D67FA5006DA575 /* Base */,
			);
			name = Main.storyboard;
			sourceTree = "<group>";
		};
		DAA9714226D67FA6006DA575 /* LaunchScreen.storyboard */ = {
			isa = PBXVariantGroup;
			children = (
				DAA9714326D67FA6006DA575 /* Base */,
			);
			name = LaunchScreen.storyboard;
			sourceTree = "<group>";
		};
/* End PBXVariantGroup section */

/* Begin XCBuildConfiguration section */
		DAA9714626D67FA6006DA575 /* Debug */ = {
			isa = XCBuildConfiguration;
			buildSettings = {
				ALWAYS_SEARCH_USER_PATHS = NO;
				CLANG_ANALYZER_NONNULL = YES;
				CLANG_ANALYZER_NUMBER_OBJECT_CONVERSION = YES_AGGRESSIVE;
				CLANG_CXX_LANGUAGE_STANDARD = "gnu++14";
				CLANG_CXX_LIBRARY = "libc++";
				CLANG_ENABLE_MODULES = YES;
				CLANG_ENABLE_OBJC_ARC = YES;
				CLANG_ENABLE_OBJC_WEAK = YES;
				CLANG_WARN_BLOCK_CAPTURE_AUTORELEASING = YES;
				CLANG_WARN_BOOL_CONVERSION = YES;
				CLANG_WARN_COMMA = YES;
				CLANG_WARN_CONSTANT_CONVERSION = YES;
				CLANG_WARN_DEPRECATED_OBJC_IMPLEMENTATIONS = YES;
				CLANG_WARN_DIRECT_OBJC_ISA_USAGE = YES_ERROR;
				CLANG_WARN_DOCUMENTATION_COMMENTS = YES;
				CLANG_WARN_EMPTY_BODY = YES;
				CLANG_WARN_ENUM_CONVERSION = YES;
				CLANG_WARN_INFINITE_RECURSION = YES;
				CLANG_WARN_INT_CONVERSION = YES;
				CLANG_WARN_NON_LITERAL_NULL_CONVERSION = YES;
				CLANG_WARN_OBJC_IMPLICIT_RETAIN_SELF = YES;
				CLANG_WARN_OBJC_LITERAL_CONVERSION = YES;
				CLANG_WARN_OBJC_ROOT_CLASS = YES_ERROR;
				CLANG_WARN_QUOTED_INCLUDE_IN_FRAMEWORK_HEADER = YES;
				CLANG_WARN_RANGE_LOOP_ANALYSIS = YES;
				CLANG_WARN_STRICT_PROTOTYPES = YES;
				CLANG_WARN_SUSPICIOUS_MOVE = YES;
				CLANG_WARN_UNGUARDED_AVAILABILITY = YES_AGGRESSIVE;
				CLANG_WARN_UNREACHABLE_CODE = YES;
				CLANG_WARN__DUPLICATE_METHOD_MATCH = YES;
				COPY_PHASE_STRIP = NO;
				DEBUG_INFORMATION_FORMAT = dwarf;
				ENABLE_STRICT_OBJC_MSGSEND = YES;
				ENABLE_TESTABILITY = YES;
				GCC_C_LANGUAGE_STANDARD = gnu11;
				GCC_DYNAMIC_NO_PIC = NO;
				GCC_NO_COMMON_BLOCKS = YES;
				GCC_OPTIMIZATION_LEVEL = 0;
				GCC_PREPROCESSOR_DEFINITIONS = (
					"DEBUG=1",
					"$(inherited)",
				);
				GCC_WARN_64_TO_32_BIT_CONVERSION = YES;
				GCC_WARN_ABOUT_RETURN_TYPE = YES_ERROR;
				GCC_WARN_UNDECLARED_SELECTOR = YES;
				GCC_WARN_UNINITIALIZED_AUTOS = YES_AGGRESSIVE;
				GCC_WARN_UNUSED_FUNCTION = YES;
				GCC_WARN_UNUSED_VARIABLE = YES;
				IPHONEOS_DEPLOYMENT_TARGET = 14.5;
				MTL_ENABLE_DEBUG_INFO = INCLUDE_SOURCE;
				MTL_FAST_MATH = YES;
				ONLY_ACTIVE_ARCH = YES;
				SDKROOT = iphoneos;
				SWIFT_ACTIVE_COMPILATION_CONDITIONS = DEBUG;
				SWIFT_OPTIMIZATION_LEVEL = "-Onone";
			};
			name = Debug;
		};
		DAA9714726D67FA6006DA575 /* Release */ = {
			isa = XCBuildConfiguration;
			buildSettings = {
				ALWAYS_SEARCH_USER_PATHS = NO;
				CLANG_ANALYZER_NONNULL = YES;
				CLANG_ANALYZER_NUMBER_OBJECT_CONVERSION = YES_AGGRESSIVE;
				CLANG_CXX_LANGUAGE_STANDARD = "gnu++14";
				CLANG_CXX_LIBRARY = "libc++";
				CLANG_ENABLE_MODULES = YES;
				CLANG_ENABLE_OBJC_ARC = YES;
				CLANG_ENABLE_OBJC_WEAK = YES;
				CLANG_WARN_BLOCK_CAPTURE_AUTORELEASING = YES;
				CLANG_WARN_BOOL_CONVERSION = YES;
				CLANG_WARN_COMMA = YES;
				CLANG_WARN_CONSTANT_CONVERSION = YES;
				CLANG_WARN_DEPRECATED_OBJC_IMPLEMENTATIONS = YES;
				CLANG_WARN_DIRECT_OBJC_ISA_USAGE = YES_ERROR;
				CLANG_WARN_DOCUMENTATION_COMMENTS = YES;
				CLANG_WARN_EMPTY_BODY = YES;
				CLANG_WARN_ENUM_CONVERSION = YES;
				CLANG_WARN_INFINITE_RECURSION = YES;
				CLANG_WARN_INT_CONVERSION = YES;
				CLANG_WARN_NON_LITERAL_NULL_CONVERSION = YES;
				CLANG_WARN_OBJC_IMPLICIT_RETAIN_SELF = YES;
				CLANG_WARN_OBJC_LITERAL_CONVERSION = YES;
				CLANG_WARN_OBJC_ROOT_CLASS = YES_ERROR;
				CLANG_WARN_QUOTED_INCLUDE_IN_FRAMEWORK_HEADER = YES;
				CLANG_WARN_RANGE_LOOP_ANALYSIS = YES;
				CLANG_WARN_STRICT_PROTOTYPES = YES;
				CLANG_WARN_SUSPICIOUS_MOVE = YES;
				CLANG_WARN_UNGUARDED_AVAILABILITY = YES_AGGRESSIVE;
				CLANG_WARN_UNREACHABLE_CODE = YES;
				CLANG_WARN__DUPLICATE_METHOD_MATCH = YES;
				COPY_PHASE_STRIP = NO;
				DEBUG_INFORMATION_FORMAT = "dwarf-with-dsym";
				ENABLE_NS_ASSERTIONS = NO;
				ENABLE_STRICT_OBJC_MSGSEND = YES;
				GCC_C_LANGUAGE_STANDARD = gnu11;
				GCC_NO_COMMON_BLOCKS = YES;
				GCC_WARN_64_TO_32_BIT_CONVERSION = YES;
				GCC_WARN_ABOUT_RETURN_TYPE = YES_ERROR;
				GCC_WARN_UNDECLARED_SELECTOR = YES;
				GCC_WARN_UNINITIALIZED_AUTOS = YES_AGGRESSIVE;
				GCC_WARN_UNUSED_FUNCTION = YES;
				GCC_WARN_UNUSED_VARIABLE = YES;
				IPHONEOS_DEPLOYMENT_TARGET = 14.5;
				MTL_ENABLE_DEBUG_INFO = NO;
				MTL_FAST_MATH = YES;
				SDKROOT = iphoneos;
				SWIFT_COMPILATION_MODE = wholemodule;
				SWIFT_OPTIMIZATION_LEVEL = "-O";
				VALIDATE_PRODUCT = YES;
			};
			name = Release;
		};
		DAA9714926D67FA6006DA575 /* Debug */ = {
			isa = XCBuildConfiguration;
			buildSettings = {
				ASSETCATALOG_COMPILER_APPICON_NAME = AppIcon;
				ASSETCATALOG_COMPILER_GLOBAL_ACCENT_COLOR_NAME = AccentColor;
				CODE_SIGN_STYLE = Automatic;
				DEVELOPMENT_TEAM = JTEXWEH4CZ;
				INFOPLIST_FILE = gqios/Info.plist;
				LD_RUNPATH_SEARCH_PATHS = (
					"$(inherited)",
					"@executable_path/Frameworks",
				);
				PRODUCT_BUNDLE_IDENTIFIER = com.david.gqios;
				PRODUCT_NAME = "$(TARGET_NAME)";
				SWIFT_VERSION = 5.0;
				TARGETED_DEVICE_FAMILY = "1,2";
			};
			name = Debug;
		};
		DAA9714A26D67FA6006DA575 /* Release */ = {
			isa = XCBuildConfiguration;
			buildSettings = {
				ASSETCATALOG_COMPILER_APPICON_NAME = AppIcon;
				ASSETCATALOG_COMPILER_GLOBAL_ACCENT_COLOR_NAME = AccentColor;
				CODE_SIGN_STYLE = Automatic;
				DEVELOPMENT_TEAM = JTEXWEH4CZ;
				INFOPLIST_FILE = gqios/Info.plist;
				LD_RUNPATH_SEARCH_PATHS = (
					"$(inherited)",
					"@executable_path/Frameworks",
				);
				PRODUCT_BUNDLE_IDENTIFIER = com.david.gqios;
				PRODUCT_NAME = "$(TARGET_NAME)";
				SWIFT_VERSION = 5.0;
				TARGETED_DEVICE_FAMILY = "1,2";
			};
			name = Release;
		};
/* End XCBuildConfiguration section */

/* Begin XCConfigurationList section */
		DAA9712F26D67FA5006DA575 /* Build configuration list for PBXProject "gqios" */ = {
			isa = XCConfigurationList;
			buildConfigurations = (
				DAA9714626D67FA6006DA575 /* Debug */,
				DAA9714726D67FA6006DA575 /* Release */,
			);
			defaultConfigurationIsVisible = 0;
			defaultConfigurationName = Release;
		};
		DAA9714826D67FA6006DA575 /* Build configuration list for PBXNativeTarget "gqios" */ = {
			isa = XCConfigurationList;
			buildConfigurations = (
				DAA9714926D67FA6006DA575 /* Debug */,
				DAA9714A26D67FA6006DA575 /* Release */,
			);
			defaultConfigurationIsVisible = 0;
			defaultConfigurationName = Release;
		};
/* End XCConfigurationList section */

/* Begin XCRemoteSwiftPackageReference section */
		DAA9714B26D6800F006DA575 /* XCRemoteSwiftPackageReference "apollo-ios" */ = {
			isa = XCRemoteSwiftPackageReference;
			repositoryURL = "https://github.com/apollographql/apollo-ios";
			requirement = {
				kind = upToNextMajorVersion;
				minimumVersion = 0.47.1;
			};
		};
/* End XCRemoteSwiftPackageReference section */

/* Begin XCSwiftPackageProductDependency section */
		DAA9715326D688AA006DA575 /* Apollo */ = {
			isa = XCSwiftPackageProductDependency;
			package = DAA9714B26D6800F006DA575 /* XCRemoteSwiftPackageReference "apollo-ios" */;
			productName = Apollo;
		};
/* End XCSwiftPackageProductDependency section */
	};
	rootObject = DAA9712C26D67FA5006DA575 /* Project object */;
}
